// !$*UTF8*$!
{
	archiveVersion = 1;
	classes = {
	};
	objectVersion = 46;
	objects = {

/* Begin PBXBuildFile section */
		BA5D930F1BF948DE00F79222 /* GPS_Table_Controller.swift in Sources */ = {isa = PBXBuildFile; fileRef = BA5D930E1BF948DE00F79222 /* GPS_Table_Controller.swift */; };
		BABCFDC81BF82A06008E52A0 /* GameScene.sks in Resources */ = {isa = PBXBuildFile; fileRef = BABCFDC71BF82A06008E52A0 /* GameScene.sks */; };
		BABCFDCA1BF82A1A008E52A0 /* GameScene.swift in Sources */ = {isa = PBXBuildFile; fileRef = BABCFDC91BF82A1A008E52A0 /* GameScene.swift */; };
		BABCFDCC1BF82A9B008E52A0 /* GameViewController.swift in Sources */ = {isa = PBXBuildFile; fileRef = BABCFDCB1BF82A9B008E52A0 /* GameViewController.swift */; };
		BABCFDCE1BF82D5E008E52A0 /* AVFoundation.framework in Frameworks */ = {isa = PBXBuildFile; fileRef = BABCFDCD1BF82D5E008E52A0 /* AVFoundation.framework */; };
		BABCFDD01BF82D64008E52A0 /* GameController.framework in Frameworks */ = {isa = PBXBuildFile; fileRef = BABCFDCF1BF82D64008E52A0 /* GameController.framework */; };
		BAC0D2281C0015680040DDA8 /* Anduin_Wrynn.mp3 in Resources */ = {isa = PBXBuildFile; fileRef = BAC0D2271C0015680040DDA8 /* Anduin_Wrynn.mp3 */; };
		BAC0D2301C0015770040DDA8 /* garrosh_gg.mp3 in Resources */ = {isa = PBXBuildFile; fileRef = BAC0D22F1C0015770040DDA8 /* garrosh_gg.mp3 */; };
		BAC0D2321C00157B0040DDA8 /* Garrosh_greetings.mp3 in Resources */ = {isa = PBXBuildFile; fileRef = BAC0D2311C00157B0040DDA8 /* Garrosh_greetings.mp3 */; };
		BAC0D2341C00157F0040DDA8 /* Garrosh_Hellscream.mp3 in Resources */ = {isa = PBXBuildFile; fileRef = BAC0D2331C00157F0040DDA8 /* Garrosh_Hellscream.mp3 */; };
		BAC0D2361C0015830040DDA8 /* GET_IN_HERE.mp3 in Resources */ = {isa = PBXBuildFile; fileRef = BAC0D2351C0015830040DDA8 /* GET_IN_HERE.mp3 */; };
		BAC0D2381C0015890040DDA8 /* Guldan.mp3 in Resources */ = {isa = PBXBuildFile; fileRef = BAC0D2371C0015890040DDA8 /* Guldan.mp3 */; };
		BAC0D23A1C00158E0040DDA8 /* Jaina_Proudmoore.mp3 in Resources */ = {isa = PBXBuildFile; fileRef = BAC0D2391C00158E0040DDA8 /* Jaina_Proudmoore.mp3 */; };
		BAC0D23C1C0015920040DDA8 /* Malfurion_Stormrage.mp3 in Resources */ = {isa = PBXBuildFile; fileRef = BAC0D23B1C0015920040DDA8 /* Malfurion_Stormrage.mp3 */; };
		BAC0D23E1C0015960040DDA8 /* pile_on.mp3 in Resources */ = {isa = PBXBuildFile; fileRef = BAC0D23D1C0015960040DDA8 /* pile_on.mp3 */; };
		BAC0D2401C00159C0040DDA8 /* Rexxar.mp3 in Resources */ = {isa = PBXBuildFile; fileRef = BAC0D23F1C00159C0040DDA8 /* Rexxar.mp3 */; };
		BAC0D2421C0015A00040DDA8 /* Thrall.mp3 in Resources */ = {isa = PBXBuildFile; fileRef = BAC0D2411C0015A00040DDA8 /* Thrall.mp3 */; };
		BAC0D2441C0015A50040DDA8 /* Uther_Lightbringer.mp3 in Resources */ = {isa = PBXBuildFile; fileRef = BAC0D2431C0015A50040DDA8 /* Uther_Lightbringer.mp3 */; };
		BAC0D2461C0015A90040DDA8 /* Valeera_Sanguinar.mp3 in Resources */ = {isa = PBXBuildFile; fileRef = BAC0D2451C0015A90040DDA8 /* Valeera_Sanguinar.mp3 */; };
		BAC0D24A1C0019110040DDA8 /* MiracleRogueScene.swift in Sources */ = {isa = PBXBuildFile; fileRef = BAC0D2491C0019110040DDA8 /* MiracleRogueScene.swift */; };
		BAC0D2521C0019940040DDA8 /* MiracleRogueScene.sks in Resources */ = {isa = PBXBuildFile; fileRef = BAC0D2511C0019940040DDA8 /* MiracleRogueScene.sks */; };
		BAC0D2541C0019CA0040DDA8 /* MiracleRogueController.swift in Sources */ = {isa = PBXBuildFile; fileRef = BAC0D2531C0019CA0040DDA8 /* MiracleRogueController.swift */; };
		BAD13E671BF2DD8400BC8AA8 /* Salt_Page_Controller.swift in Sources */ = {isa = PBXBuildFile; fileRef = BAD13E661BF2DD8400BC8AA8 /* Salt_Page_Controller.swift */; };
		BAD13E691BF2DFB700BC8AA8 /* Sim_Picker_Page_Controller.swift in Sources */ = {isa = PBXBuildFile; fileRef = BAD13E681BF2DFB700BC8AA8 /* Sim_Picker_Page_Controller.swift */; };
		BAD13E6B1BF2E0C500BC8AA8 /* GPS_View_Controller.swift in Sources */ = {isa = PBXBuildFile; fileRef = BAD13E6A1BF2E0C500BC8AA8 /* GPS_View_Controller.swift */; };
		BAD13E6D1BF2E63500BC8AA8 /* Settings_Controller.swift in Sources */ = {isa = PBXBuildFile; fileRef = BAD13E6C1BF2E63500BC8AA8 /* Settings_Controller.swift */; };
		BAFD05C71BE057BA00799FBD /* AppDelegate.swift in Sources */ = {isa = PBXBuildFile; fileRef = BAFD05C61BE057BA00799FBD /* AppDelegate.swift */; };
		BAFD05C91BE057BA00799FBD /* ViewController.swift in Sources */ = {isa = PBXBuildFile; fileRef = BAFD05C81BE057BA00799FBD /* ViewController.swift */; };
		BAFD05CC1BE057BA00799FBD /* Main.storyboard in Resources */ = {isa = PBXBuildFile; fileRef = BAFD05CA1BE057BA00799FBD /* Main.storyboard */; };
		BAFD05CE1BE057BA00799FBD /* Assets.xcassets in Resources */ = {isa = PBXBuildFile; fileRef = BAFD05CD1BE057BA00799FBD /* Assets.xcassets */; };
		D00BA27C1C001D6F0084A11B /* Alamofire.framework in Frameworks */ = {isa = PBXBuildFile; fileRef = D00BA2651C001AAE0084A11B /* Alamofire.framework */; };
		D00BA27D1C001D6F0084A11B /* Alamofire.framework in Embed Frameworks */ = {isa = PBXBuildFile; fileRef = D00BA2651C001AAE0084A11B /* Alamofire.framework */; settings = {ATTRIBUTES = (CodeSignOnCopy, RemoveHeadersOnCopy, ); }; };
		D0BE19801BFD85B0009E4BBA /* Card_Search_Controller.swift in Sources */ = {isa = PBXBuildFile; fileRef = D0BE197F1BFD85B0009E4BBA /* Card_Search_Controller.swift */; };
		D0BE19A11BFD8C49009E4BBA /* SwiftyJSON.swift in Sources */ = {isa = PBXBuildFile; fileRef = D0BE19A01BFD8C49009E4BBA /* SwiftyJSON.swift */; };
/* End PBXBuildFile section */

/* Begin PBXContainerItemProxy section */
		D00BA2641C001AAE0084A11B /* PBXContainerItemProxy */ = {
			isa = PBXContainerItemProxy;
			containerPortal = D00BA25A1C001AAE0084A11B /* Alamofire.xcodeproj */;
			proxyType = 2;
			remoteGlobalIDString = F8111E3319A95C8B0040E7D1;
			remoteInfo = "Alamofire iOS";
		};
		D00BA2661C001AAE0084A11B /* PBXContainerItemProxy */ = {
			isa = PBXContainerItemProxy;
			containerPortal = D00BA25A1C001AAE0084A11B /* Alamofire.xcodeproj */;
			proxyType = 2;
			remoteGlobalIDString = F8111E3E19A95C8B0040E7D1;
			remoteInfo = "Alamofire iOS Tests";
		};
		D00BA2681C001AAE0084A11B /* PBXContainerItemProxy */ = {
			isa = PBXContainerItemProxy;
			containerPortal = D00BA25A1C001AAE0084A11B /* Alamofire.xcodeproj */;
			proxyType = 2;
			remoteGlobalIDString = 4DD67C0B1A5C55C900ED2280;
			remoteInfo = "Alamofire OSX";
		};
		D00BA26A1C001AAE0084A11B /* PBXContainerItemProxy */ = {
			isa = PBXContainerItemProxy;
			containerPortal = D00BA25A1C001AAE0084A11B /* Alamofire.xcodeproj */;
			proxyType = 2;
			remoteGlobalIDString = F829C6B21A7A94F100A2CD59;
			remoteInfo = "Alamofire OSX Tests";
		};
		D00BA26C1C001AAE0084A11B /* PBXContainerItemProxy */ = {
			isa = PBXContainerItemProxy;
			containerPortal = D00BA25A1C001AAE0084A11B /* Alamofire.xcodeproj */;
			proxyType = 2;
			remoteGlobalIDString = 4CF626EF1BA7CB3E0011A099;
			remoteInfo = "Alamofire tvOS";
		};
		D00BA26E1C001AAE0084A11B /* PBXContainerItemProxy */ = {
			isa = PBXContainerItemProxy;
			containerPortal = D00BA25A1C001AAE0084A11B /* Alamofire.xcodeproj */;
			proxyType = 2;
			remoteGlobalIDString = 4CF626F81BA7CB3E0011A099;
			remoteInfo = "Alamofire tvOS Tests";
		};
		D00BA2701C001AAE0084A11B /* PBXContainerItemProxy */ = {
			isa = PBXContainerItemProxy;
			containerPortal = D00BA25A1C001AAE0084A11B /* Alamofire.xcodeproj */;
			proxyType = 2;
			remoteGlobalIDString = E4202FE01B667AA100C997FB;
			remoteInfo = "Alamofire watchOS";
		};
		D00BA27E1C001D6F0084A11B /* PBXContainerItemProxy */ = {
			isa = PBXContainerItemProxy;
			containerPortal = D00BA25A1C001AAE0084A11B /* Alamofire.xcodeproj */;
			proxyType = 1;
			remoteGlobalIDString = F8111E3219A95C8B0040E7D1;
			remoteInfo = "Alamofire iOS";
		};
/* End PBXContainerItemProxy section */

/* Begin PBXCopyFilesBuildPhase section */
		D0BE199F1BFD8BB5009E4BBA /* Embed Frameworks */ = {
			isa = PBXCopyFilesBuildPhase;
			buildActionMask = 2147483647;
			dstPath = "";
			dstSubfolderSpec = 10;
			files = (
				D00BA27D1C001D6F0084A11B /* Alamofire.framework in Embed Frameworks */,
			);
			name = "Embed Frameworks";
			runOnlyForDeploymentPostprocessing = 0;
		};
/* End PBXCopyFilesBuildPhase section */

/* Begin PBXFileReference section */
		BA5D930E1BF948DE00F79222 /* GPS_Table_Controller.swift */ = {isa = PBXFileReference; fileEncoding = 4; lastKnownFileType = sourcecode.swift; path = GPS_Table_Controller.swift; sourceTree = "<group>"; };
		BABCFDC71BF82A06008E52A0 /* GameScene.sks */ = {isa = PBXFileReference; lastKnownFileType = file.sks; path = GameScene.sks; sourceTree = "<group>"; };
		BABCFDC91BF82A1A008E52A0 /* GameScene.swift */ = {isa = PBXFileReference; fileEncoding = 4; lastKnownFileType = sourcecode.swift; path = GameScene.swift; sourceTree = "<group>"; };
		BABCFDCB1BF82A9B008E52A0 /* GameViewController.swift */ = {isa = PBXFileReference; fileEncoding = 4; lastKnownFileType = sourcecode.swift; path = GameViewController.swift; sourceTree = "<group>"; };
		BABCFDCD1BF82D5E008E52A0 /* AVFoundation.framework */ = {isa = PBXFileReference; lastKnownFileType = wrapper.framework; name = AVFoundation.framework; path = System/Library/Frameworks/AVFoundation.framework; sourceTree = SDKROOT; };
		BABCFDCF1BF82D64008E52A0 /* GameController.framework */ = {isa = PBXFileReference; lastKnownFileType = wrapper.framework; name = GameController.framework; path = System/Library/Frameworks/GameController.framework; sourceTree = SDKROOT; };
		BAC0D2271C0015680040DDA8 /* Anduin_Wrynn.mp3 */ = {isa = PBXFileReference; lastKnownFileType = audio.mp3; name = Anduin_Wrynn.mp3; path = MP3s/Anduin_Wrynn.mp3; sourceTree = "<group>"; };
		BAC0D22F1C0015770040DDA8 /* garrosh_gg.mp3 */ = {isa = PBXFileReference; lastKnownFileType = audio.mp3; name = garrosh_gg.mp3; path = MP3s/garrosh_gg.mp3; sourceTree = "<group>"; };
		BAC0D2311C00157B0040DDA8 /* Garrosh_greetings.mp3 */ = {isa = PBXFileReference; lastKnownFileType = audio.mp3; name = Garrosh_greetings.mp3; path = MP3s/Garrosh_greetings.mp3; sourceTree = "<group>"; };
		BAC0D2331C00157F0040DDA8 /* Garrosh_Hellscream.mp3 */ = {isa = PBXFileReference; lastKnownFileType = audio.mp3; name = Garrosh_Hellscream.mp3; path = MP3s/Garrosh_Hellscream.mp3; sourceTree = "<group>"; };
		BAC0D2351C0015830040DDA8 /* GET_IN_HERE.mp3 */ = {isa = PBXFileReference; lastKnownFileType = audio.mp3; name = GET_IN_HERE.mp3; path = MP3s/GET_IN_HERE.mp3; sourceTree = "<group>"; };
		BAC0D2371C0015890040DDA8 /* Guldan.mp3 */ = {isa = PBXFileReference; lastKnownFileType = audio.mp3; name = Guldan.mp3; path = MP3s/Guldan.mp3; sourceTree = "<group>"; };
		BAC0D2391C00158E0040DDA8 /* Jaina_Proudmoore.mp3 */ = {isa = PBXFileReference; lastKnownFileType = audio.mp3; name = Jaina_Proudmoore.mp3; path = MP3s/Jaina_Proudmoore.mp3; sourceTree = "<group>"; };
		BAC0D23B1C0015920040DDA8 /* Malfurion_Stormrage.mp3 */ = {isa = PBXFileReference; lastKnownFileType = audio.mp3; name = Malfurion_Stormrage.mp3; path = MP3s/Malfurion_Stormrage.mp3; sourceTree = "<group>"; };
		BAC0D23D1C0015960040DDA8 /* pile_on.mp3 */ = {isa = PBXFileReference; lastKnownFileType = audio.mp3; name = pile_on.mp3; path = MP3s/pile_on.mp3; sourceTree = "<group>"; };
		BAC0D23F1C00159C0040DDA8 /* Rexxar.mp3 */ = {isa = PBXFileReference; lastKnownFileType = audio.mp3; name = Rexxar.mp3; path = MP3s/Rexxar.mp3; sourceTree = "<group>"; };
		BAC0D2411C0015A00040DDA8 /* Thrall.mp3 */ = {isa = PBXFileReference; lastKnownFileType = audio.mp3; name = Thrall.mp3; path = MP3s/Thrall.mp3; sourceTree = "<group>"; };
		BAC0D2431C0015A50040DDA8 /* Uther_Lightbringer.mp3 */ = {isa = PBXFileReference; lastKnownFileType = audio.mp3; name = Uther_Lightbringer.mp3; path = MP3s/Uther_Lightbringer.mp3; sourceTree = "<group>"; };
		BAC0D2451C0015A90040DDA8 /* Valeera_Sanguinar.mp3 */ = {isa = PBXFileReference; lastKnownFileType = audio.mp3; name = Valeera_Sanguinar.mp3; path = MP3s/Valeera_Sanguinar.mp3; sourceTree = "<group>"; };
		BAC0D2491C0019110040DDA8 /* MiracleRogueScene.swift */ = {isa = PBXFileReference; fileEncoding = 4; lastKnownFileType = sourcecode.swift; path = MiracleRogueScene.swift; sourceTree = "<group>"; };
		BAC0D2511C0019940040DDA8 /* MiracleRogueScene.sks */ = {isa = PBXFileReference; lastKnownFileType = file.sks; path = MiracleRogueScene.sks; sourceTree = "<group>"; };
		BAC0D2531C0019CA0040DDA8 /* MiracleRogueController.swift */ = {isa = PBXFileReference; fileEncoding = 4; lastKnownFileType = sourcecode.swift; path = MiracleRogueController.swift; sourceTree = "<group>"; };
		BAD13E661BF2DD8400BC8AA8 /* Salt_Page_Controller.swift */ = {isa = PBXFileReference; fileEncoding = 4; lastKnownFileType = sourcecode.swift; path = Salt_Page_Controller.swift; sourceTree = "<group>"; };
		BAD13E681BF2DFB700BC8AA8 /* Sim_Picker_Page_Controller.swift */ = {isa = PBXFileReference; fileEncoding = 4; lastKnownFileType = sourcecode.swift; path = Sim_Picker_Page_Controller.swift; sourceTree = "<group>"; };
		BAD13E6A1BF2E0C500BC8AA8 /* GPS_View_Controller.swift */ = {isa = PBXFileReference; fileEncoding = 4; lastKnownFileType = sourcecode.swift; path = GPS_View_Controller.swift; sourceTree = "<group>"; };
		BAD13E6C1BF2E63500BC8AA8 /* Settings_Controller.swift */ = {isa = PBXFileReference; fileEncoding = 4; lastKnownFileType = sourcecode.swift; path = Settings_Controller.swift; sourceTree = "<group>"; };
		BAFD05C31BE057BA00799FBD /* HSFlashBack.app */ = {isa = PBXFileReference; explicitFileType = wrapper.application; includeInIndex = 0; path = HSFlashBack.app; sourceTree = BUILT_PRODUCTS_DIR; };
		BAFD05C61BE057BA00799FBD /* AppDelegate.swift */ = {isa = PBXFileReference; lastKnownFileType = sourcecode.swift; path = AppDelegate.swift; sourceTree = "<group>"; };
		BAFD05C81BE057BA00799FBD /* ViewController.swift */ = {isa = PBXFileReference; lastKnownFileType = sourcecode.swift; path = ViewController.swift; sourceTree = "<group>"; };
		BAFD05CB1BE057BA00799FBD /* Base */ = {isa = PBXFileReference; lastKnownFileType = file.storyboard; name = Base; path = Base.lproj/Main.storyboard; sourceTree = "<group>"; };
		BAFD05CD1BE057BA00799FBD /* Assets.xcassets */ = {isa = PBXFileReference; lastKnownFileType = folder.assetcatalog; path = Assets.xcassets; sourceTree = "<group>"; };
		BAFD05D21BE057BA00799FBD /* Info.plist */ = {isa = PBXFileReference; lastKnownFileType = text.plist.xml; path = Info.plist; sourceTree = "<group>"; };
		D00BA25A1C001AAE0084A11B /* Alamofire.xcodeproj */ = {isa = PBXFileReference; lastKnownFileType = "wrapper.pb-project"; name = Alamofire.xcodeproj; path = Alamofire/Alamofire.xcodeproj; sourceTree = "<group>"; };
		D0BE197F1BFD85B0009E4BBA /* Card_Search_Controller.swift */ = {isa = PBXFileReference; fileEncoding = 4; lastKnownFileType = sourcecode.swift; path = Card_Search_Controller.swift; sourceTree = "<group>"; };
		D0BE19A01BFD8C49009E4BBA /* SwiftyJSON.swift */ = {isa = PBXFileReference; fileEncoding = 4; lastKnownFileType = sourcecode.swift; name = SwiftyJSON.swift; path = ../SwiftyJSON.swift; sourceTree = "<group>"; };
/* End PBXFileReference section */

/* Begin PBXFrameworksBuildPhase section */
		BAFD05C01BE057BA00799FBD /* Frameworks */ = {
			isa = PBXFrameworksBuildPhase;
			buildActionMask = 2147483647;
			files = (
				BABCFDD01BF82D64008E52A0 /* GameController.framework in Frameworks */,
				D00BA27C1C001D6F0084A11B /* Alamofire.framework in Frameworks */,
				BABCFDCE1BF82D5E008E52A0 /* AVFoundation.framework in Frameworks */,
			);
			runOnlyForDeploymentPostprocessing = 0;
		};
/* End PBXFrameworksBuildPhase section */

/* Begin PBXGroup section */
		BAFD05BA1BE057BA00799FBD = {
			isa = PBXGroup;
			children = (
				D00BA25A1C001AAE0084A11B /* Alamofire.xcodeproj */,
				BABCFDCF1BF82D64008E52A0 /* GameController.framework */,
				BABCFDCD1BF82D5E008E52A0 /* AVFoundation.framework */,
				BAFD05C51BE057BA00799FBD /* HSFlashBack */,
				BAFD05C41BE057BA00799FBD /* Products */,
				BAC0D2271C0015680040DDA8 /* Anduin_Wrynn.mp3 */,
				BAC0D22F1C0015770040DDA8 /* garrosh_gg.mp3 */,
				BAC0D2311C00157B0040DDA8 /* Garrosh_greetings.mp3 */,
				BAC0D2331C00157F0040DDA8 /* Garrosh_Hellscream.mp3 */,
				BAC0D2351C0015830040DDA8 /* GET_IN_HERE.mp3 */,
				BAC0D2371C0015890040DDA8 /* Guldan.mp3 */,
				BAC0D2391C00158E0040DDA8 /* Jaina_Proudmoore.mp3 */,
				BAC0D23B1C0015920040DDA8 /* Malfurion_Stormrage.mp3 */,
				BAC0D23D1C0015960040DDA8 /* pile_on.mp3 */,
				BAC0D23F1C00159C0040DDA8 /* Rexxar.mp3 */,
				BAC0D2411C0015A00040DDA8 /* Thrall.mp3 */,
				BAC0D2431C0015A50040DDA8 /* Uther_Lightbringer.mp3 */,
				BAC0D2451C0015A90040DDA8 /* Valeera_Sanguinar.mp3 */,
			);
			sourceTree = "<group>";
		};
		BAFD05C41BE057BA00799FBD /* Products */ = {
			isa = PBXGroup;
			children = (
				BAFD05C31BE057BA00799FBD /* HSFlashBack.app */,
			);
			name = Products;
			sourceTree = "<group>";
		};
		BAFD05C51BE057BA00799FBD /* HSFlashBack */ = {
			isa = PBXGroup;
			children = (
				D0BE19A01BFD8C49009E4BBA /* SwiftyJSON.swift */,
				BAFD05C61BE057BA00799FBD /* AppDelegate.swift */,
				BAFD05C81BE057BA00799FBD /* ViewController.swift */,
				BAFD05CA1BE057BA00799FBD /* Main.storyboard */,
				BAFD05CD1BE057BA00799FBD /* Assets.xcassets */,
				BAFD05D21BE057BA00799FBD /* Info.plist */,
				BAD13E661BF2DD8400BC8AA8 /* Salt_Page_Controller.swift */,
				BAD13E681BF2DFB700BC8AA8 /* Sim_Picker_Page_Controller.swift */,
				BAD13E6A1BF2E0C500BC8AA8 /* GPS_View_Controller.swift */,
				BAD13E6C1BF2E63500BC8AA8 /* Settings_Controller.swift */,
				BABCFDC71BF82A06008E52A0 /* GameScene.sks */,
				BABCFDC91BF82A1A008E52A0 /* GameScene.swift */,
				BABCFDCB1BF82A9B008E52A0 /* GameViewController.swift */,
				BA5D930E1BF948DE00F79222 /* GPS_Table_Controller.swift */,
				D0BE197F1BFD85B0009E4BBA /* Card_Search_Controller.swift */,
				BAC0D2491C0019110040DDA8 /* MiracleRogueScene.swift */,
				BAC0D2511C0019940040DDA8 /* MiracleRogueScene.sks */,
				BAC0D2531C0019CA0040DDA8 /* MiracleRogueController.swift */,
			);
			path = HSFlashBack;
			sourceTree = "<group>";
		};
		D00BA25B1C001AAE0084A11B /* Products */ = {
			isa = PBXGroup;
			children = (
				D00BA2651C001AAE0084A11B /* Alamofire.framework */,
				D00BA2671C001AAE0084A11B /* Alamofire iOS Tests.xctest */,
				D00BA2691C001AAE0084A11B /* Alamofire.framework */,
				D00BA26B1C001AAE0084A11B /* Alamofire OSX Tests.xctest */,
				D00BA26D1C001AAE0084A11B /* Alamofire.framework */,
				D00BA26F1C001AAE0084A11B /* Alamofire tvOS Tests.xctest */,
				D00BA2711C001AAE0084A11B /* Alamofire.framework */,
			);
			name = Products;
			sourceTree = "<group>";
		};
/* End PBXGroup section */

/* Begin PBXNativeTarget section */
		BAFD05C21BE057BA00799FBD /* HSFlashBack */ = {
			isa = PBXNativeTarget;
			buildConfigurationList = BAFD05D51BE057BA00799FBD /* Build configuration list for PBXNativeTarget "HSFlashBack" */;
			buildPhases = (
				BAFD05BF1BE057BA00799FBD /* Sources */,
				BAFD05C01BE057BA00799FBD /* Frameworks */,
				BAFD05C11BE057BA00799FBD /* Resources */,
				D0BE199F1BFD8BB5009E4BBA /* Embed Frameworks */,
			);
			buildRules = (
			);
			dependencies = (
				D00BA27F1C001D6F0084A11B /* PBXTargetDependency */,
			);
			name = HSFlashBack;
			productName = HSFlashBack;
			productReference = BAFD05C31BE057BA00799FBD /* HSFlashBack.app */;
			productType = "com.apple.product-type.application";
		};
/* End PBXNativeTarget section */

/* Begin PBXProject section */
		BAFD05BB1BE057BA00799FBD /* Project object */ = {
			isa = PBXProject;
			attributes = {
				LastSwiftUpdateCheck = 0710;
				LastUpgradeCheck = 0710;
				ORGANIZATIONNAME = "Matthew King";
				TargetAttributes = {
					BAFD05C21BE057BA00799FBD = {
						CreatedOnToolsVersion = 7.1;
						DevelopmentTeam = QC8KQC7RZP;
					};
				};
			};
			buildConfigurationList = BAFD05BE1BE057BA00799FBD /* Build configuration list for PBXProject "HSFlashBack" */;
			compatibilityVersion = "Xcode 3.2";
			developmentRegion = English;
			hasScannedForEncodings = 0;
			knownRegions = (
				en,
				Base,
			);
			mainGroup = BAFD05BA1BE057BA00799FBD;
			productRefGroup = BAFD05C41BE057BA00799FBD /* Products */;
			projectDirPath = "";
			projectReferences = (
				{
					ProductGroup = D00BA25B1C001AAE0084A11B /* Products */;
					ProjectRef = D00BA25A1C001AAE0084A11B /* Alamofire.xcodeproj */;
				},
			);
			projectRoot = "";
			targets = (
				BAFD05C21BE057BA00799FBD /* HSFlashBack */,
			);
		};
/* End PBXProject section */

/* Begin PBXReferenceProxy section */
		D00BA2651C001AAE0084A11B /* Alamofire.framework */ = {
			isa = PBXReferenceProxy;
			fileType = wrapper.framework;
			path = Alamofire.framework;
			remoteRef = D00BA2641C001AAE0084A11B /* PBXContainerItemProxy */;
			sourceTree = BUILT_PRODUCTS_DIR;
		};
		D00BA2671C001AAE0084A11B /* Alamofire iOS Tests.xctest */ = {
			isa = PBXReferenceProxy;
			fileType = wrapper.cfbundle;
			path = "Alamofire iOS Tests.xctest";
			remoteRef = D00BA2661C001AAE0084A11B /* PBXContainerItemProxy */;
			sourceTree = BUILT_PRODUCTS_DIR;
		};
		D00BA2691C001AAE0084A11B /* Alamofire.framework */ = {
			isa = PBXReferenceProxy;
			fileType = wrapper.framework;
			path = Alamofire.framework;
			remoteRef = D00BA2681C001AAE0084A11B /* PBXContainerItemProxy */;
			sourceTree = BUILT_PRODUCTS_DIR;
		};
		D00BA26B1C001AAE0084A11B /* Alamofire OSX Tests.xctest */ = {
			isa = PBXReferenceProxy;
			fileType = wrapper.cfbundle;
			path = "Alamofire OSX Tests.xctest";
			remoteRef = D00BA26A1C001AAE0084A11B /* PBXContainerItemProxy */;
			sourceTree = BUILT_PRODUCTS_DIR;
		};
		D00BA26D1C001AAE0084A11B /* Alamofire.framework */ = {
			isa = PBXReferenceProxy;
			fileType = wrapper.framework;
			path = Alamofire.framework;
			remoteRef = D00BA26C1C001AAE0084A11B /* PBXContainerItemProxy */;
			sourceTree = BUILT_PRODUCTS_DIR;
		};
		D00BA26F1C001AAE0084A11B /* Alamofire tvOS Tests.xctest */ = {
			isa = PBXReferenceProxy;
			fileType = wrapper.cfbundle;
			path = "Alamofire tvOS Tests.xctest";
			remoteRef = D00BA26E1C001AAE0084A11B /* PBXContainerItemProxy */;
			sourceTree = BUILT_PRODUCTS_DIR;
		};
		D00BA2711C001AAE0084A11B /* Alamofire.framework */ = {
			isa = PBXReferenceProxy;
			fileType = wrapper.framework;
			path = Alamofire.framework;
			remoteRef = D00BA2701C001AAE0084A11B /* PBXContainerItemProxy */;
			sourceTree = BUILT_PRODUCTS_DIR;
		};
/* End PBXReferenceProxy section */

/* Begin PBXResourcesBuildPhase section */
		BAFD05C11BE057BA00799FBD /* Resources */ = {
			isa = PBXResourcesBuildPhase;
			buildActionMask = 2147483647;
			files = (
				BAC0D2521C0019940040DDA8 /* MiracleRogueScene.sks in Resources */,
				BAC0D23C1C0015920040DDA8 /* Malfurion_Stormrage.mp3 in Resources */,
				BAC0D2321C00157B0040DDA8 /* Garrosh_greetings.mp3 in Resources */,
				BAC0D2381C0015890040DDA8 /* Guldan.mp3 in Resources */,
				BABCFDC81BF82A06008E52A0 /* GameScene.sks in Resources */,
				BAFD05CE1BE057BA00799FBD /* Assets.xcassets in Resources */,
				BAC0D2401C00159C0040DDA8 /* Rexxar.mp3 in Resources */,
				BAC0D2281C0015680040DDA8 /* Anduin_Wrynn.mp3 in Resources */,
				BAC0D2421C0015A00040DDA8 /* Thrall.mp3 in Resources */,
				BAC0D2301C0015770040DDA8 /* garrosh_gg.mp3 in Resources */,
				BAFD05CC1BE057BA00799FBD /* Main.storyboard in Resources */,
				BAC0D2461C0015A90040DDA8 /* Valeera_Sanguinar.mp3 in Resources */,
				BAC0D2361C0015830040DDA8 /* GET_IN_HERE.mp3 in Resources */,
				BAC0D23A1C00158E0040DDA8 /* Jaina_Proudmoore.mp3 in Resources */,
				BAC0D2441C0015A50040DDA8 /* Uther_Lightbringer.mp3 in Resources */,
				BAC0D2341C00157F0040DDA8 /* Garrosh_Hellscream.mp3 in Resources */,
				BAC0D23E1C0015960040DDA8 /* pile_on.mp3 in Resources */,
			);
			runOnlyForDeploymentPostprocessing = 0;
		};
/* End PBXResourcesBuildPhase section */

/* Begin PBXSourcesBuildPhase section */
		BAFD05BF1BE057BA00799FBD /* Sources */ = {
			isa = PBXSourcesBuildPhase;
			buildActionMask = 2147483647;
			files = (
				BAC0D24A1C0019110040DDA8 /* MiracleRogueScene.swift in Sources */,
				BAD13E691BF2DFB700BC8AA8 /* Sim_Picker_Page_Controller.swift in Sources */,
				BAFD05C91BE057BA00799FBD /* ViewController.swift in Sources */,
				BAD13E6B1BF2E0C500BC8AA8 /* GPS_View_Controller.swift in Sources */,
				BAC0D2541C0019CA0040DDA8 /* MiracleRogueController.swift in Sources */,
				D0BE19A11BFD8C49009E4BBA /* SwiftyJSON.swift in Sources */,
				BAD13E671BF2DD8400BC8AA8 /* Salt_Page_Controller.swift in Sources */,
				BAD13E6D1BF2E63500BC8AA8 /* Settings_Controller.swift in Sources */,
				BABCFDCC1BF82A9B008E52A0 /* GameViewController.swift in Sources */,
				BABCFDCA1BF82A1A008E52A0 /* GameScene.swift in Sources */,
				D0BE19801BFD85B0009E4BBA /* Card_Search_Controller.swift in Sources */,
				BAFD05C71BE057BA00799FBD /* AppDelegate.swift in Sources */,
				BA5D930F1BF948DE00F79222 /* GPS_Table_Controller.swift in Sources */,
			);
			runOnlyForDeploymentPostprocessing = 0;
		};
/* End PBXSourcesBuildPhase section */

/* Begin PBXTargetDependency section */
		D00BA27F1C001D6F0084A11B /* PBXTargetDependency */ = {
			isa = PBXTargetDependency;
			name = "Alamofire iOS";
			targetProxy = D00BA27E1C001D6F0084A11B /* PBXContainerItemProxy */;
		};
/* End PBXTargetDependency section */

/* Begin PBXVariantGroup section */
		BAFD05CA1BE057BA00799FBD /* Main.storyboard */ = {
			isa = PBXVariantGroup;
			children = (
				BAFD05CB1BE057BA00799FBD /* Base */,
			);
			name = Main.storyboard;
			sourceTree = "<group>";
		};
/* End PBXVariantGroup section */

/* Begin XCBuildConfiguration section */
		BAFD05D31BE057BA00799FBD /* Debug */ = {
			isa = XCBuildConfiguration;
			buildSettings = {
				ALWAYS_SEARCH_USER_PATHS = NO;
				CLANG_CXX_LANGUAGE_STANDARD = "gnu++0x";
				CLANG_CXX_LIBRARY = "libc++";
				CLANG_ENABLE_MODULES = YES;
				CLANG_ENABLE_OBJC_ARC = YES;
				CLANG_WARN_BOOL_CONVERSION = YES;
				CLANG_WARN_CONSTANT_CONVERSION = YES;
				CLANG_WARN_DIRECT_OBJC_ISA_USAGE = YES_ERROR;
				CLANG_WARN_EMPTY_BODY = YES;
				CLANG_WARN_ENUM_CONVERSION = YES;
				CLANG_WARN_INT_CONVERSION = YES;
				CLANG_WARN_OBJC_ROOT_CLASS = YES_ERROR;
				CLANG_WARN_UNREACHABLE_CODE = YES;
				CLANG_WARN__DUPLICATE_METHOD_MATCH = YES;
				"CODE_SIGN_IDENTITY[sdk=iphoneos*]" = "iPhone Developer";
				COPY_PHASE_STRIP = NO;
				DEBUG_INFORMATION_FORMAT = dwarf;
				ENABLE_STRICT_OBJC_MSGSEND = YES;
				ENABLE_TESTABILITY = YES;
				GCC_C_LANGUAGE_STANDARD = gnu99;
				GCC_DYNAMIC_NO_PIC = NO;
				GCC_NO_COMMON_BLOCKS = YES;
				GCC_OPTIMIZATION_LEVEL = 0;
				GCC_PREPROCESSOR_DEFINITIONS = (
					"DEBUG=1",
					"$(inherited)",
				);
				GCC_WARN_64_TO_32_BIT_CONVERSION = YES;
				GCC_WARN_ABOUT_RETURN_TYPE = YES_ERROR;
				GCC_WARN_UNDECLARED_SELECTOR = YES;
				GCC_WARN_UNINITIALIZED_AUTOS = YES_AGGRESSIVE;
				GCC_WARN_UNUSED_FUNCTION = YES;
				GCC_WARN_UNUSED_VARIABLE = YES;
				IPHONEOS_DEPLOYMENT_TARGET = 9.1;
				MTL_ENABLE_DEBUG_INFO = YES;
				ONLY_ACTIVE_ARCH = YES;
				SDKROOT = iphoneos;
				SWIFT_OPTIMIZATION_LEVEL = "-Onone";
				TARGETED_DEVICE_FAMILY = "1,2";
			};
			name = Debug;
		};
		BAFD05D41BE057BA00799FBD /* Release */ = {
			isa = XCBuildConfiguration;
			buildSettings = {
				ALWAYS_SEARCH_USER_PATHS = NO;
				CLANG_CXX_LANGUAGE_STANDARD = "gnu++0x";
				CLANG_CXX_LIBRARY = "libc++";
				CLANG_ENABLE_MODULES = YES;
				CLANG_ENABLE_OBJC_ARC = YES;
				CLANG_WARN_BOOL_CONVERSION = YES;
				CLANG_WARN_CONSTANT_CONVERSION = YES;
				CLANG_WARN_DIRECT_OBJC_ISA_USAGE = YES_ERROR;
				CLANG_WARN_EMPTY_BODY = YES;
				CLANG_WARN_ENUM_CONVERSION = YES;
				CLANG_WARN_INT_CONVERSION = YES;
				CLANG_WARN_OBJC_ROOT_CLASS = YES_ERROR;
				CLANG_WARN_UNREACHABLE_CODE = YES;
				CLANG_WARN__DUPLICATE_METHOD_MATCH = YES;
				"CODE_SIGN_IDENTITY[sdk=iphoneos*]" = "iPhone Developer";
				COPY_PHASE_STRIP = NO;
				DEBUG_INFORMATION_FORMAT = "dwarf-with-dsym";
				ENABLE_NS_ASSERTIONS = NO;
				ENABLE_STRICT_OBJC_MSGSEND = YES;
				GCC_C_LANGUAGE_STANDARD = gnu99;
				GCC_NO_COMMON_BLOCKS = YES;
				GCC_WARN_64_TO_32_BIT_CONVERSION = YES;
				GCC_WARN_ABOUT_RETURN_TYPE = YES_ERROR;
				GCC_WARN_UNDECLARED_SELECTOR = YES;
				GCC_WARN_UNINITIALIZED_AUTOS = YES_AGGRESSIVE;
				GCC_WARN_UNUSED_FUNCTION = YES;
				GCC_WARN_UNUSED_VARIABLE = YES;
				IPHONEOS_DEPLOYMENT_TARGET = 9.1;
				MTL_ENABLE_DEBUG_INFO = NO;
				SDKROOT = iphoneos;
				TARGETED_DEVICE_FAMILY = "1,2";
				VALIDATE_PRODUCT = YES;
			};
			name = Release;
		};
		BAFD05D61BE057BA00799FBD /* Debug */ = {
			isa = XCBuildConfiguration;
			buildSettings = {
				ASSETCATALOG_COMPILER_APPICON_NAME = AppIcon;
				CODE_SIGN_IDENTITY = "iPhone Developer";
				"CODE_SIGN_IDENTITY[sdk=iphoneos*]" = "iPhone Developer";
				EMBEDDED_CONTENT_CONTAINS_SWIFT = YES;
				INFOPLIST_FILE = HSFlashBack/Info.plist;
				IPHONEOS_DEPLOYMENT_TARGET = 9.1;
				LD_RUNPATH_SEARCH_PATHS = "$(inherited) @executable_path/Frameworks";
				PRODUCT_BUNDLE_IDENTIFIER = cs4720.virginia.edu.HSFlashBack;
				PRODUCT_NAME = "$(TARGET_NAME)";
				PROVISIONING_PROFILE = "";
			};
			name = Debug;
		};
		BAFD05D71BE057BA00799FBD /* Release */ = {
			isa = XCBuildConfiguration;
			buildSettings = {
				ASSETCATALOG_COMPILER_APPICON_NAME = AppIcon;
				CODE_SIGN_IDENTITY = "iPhone Developer";
				"CODE_SIGN_IDENTITY[sdk=iphoneos*]" = "iPhone Developer";
				EMBEDDED_CONTENT_CONTAINS_SWIFT = YES;
				INFOPLIST_FILE = HSFlashBack/Info.plist;
				IPHONEOS_DEPLOYMENT_TARGET = 9.1;
				LD_RUNPATH_SEARCH_PATHS = "$(inherited) @executable_path/Frameworks";
				PRODUCT_BUNDLE_IDENTIFIER = cs4720.virginia.edu.HSFlashBack;
				PRODUCT_NAME = "$(TARGET_NAME)";
				PROVISIONING_PROFILE = "";
			};
			name = Release;
		};
/* End XCBuildConfiguration section */

/* Begin XCConfigurationList section */
		BAFD05BE1BE057BA00799FBD /* Build configuration list for PBXProject "HSFlashBack" */ = {
			isa = XCConfigurationList;
			buildConfigurations = (
				BAFD05D31BE057BA00799FBD /* Debug */,
				BAFD05D41BE057BA00799FBD /* Release */,
			);
			defaultConfigurationIsVisible = 0;
			defaultConfigurationName = Release;
		};
		BAFD05D51BE057BA00799FBD /* Build configuration list for PBXNativeTarget "HSFlashBack" */ = {
			isa = XCConfigurationList;
			buildConfigurations = (
				BAFD05D61BE057BA00799FBD /* Debug */,
				BAFD05D71BE057BA00799FBD /* Release */,
			);
			defaultConfigurationIsVisible = 0;
			defaultConfigurationName = Release;
		};
/* End XCConfigurationList section */
	};
	rootObject = BAFD05BB1BE057BA00799FBD /* Project object */;
}
