// !$*UTF8*$!
{
	archiveVersion = 1;
	classes = {
	};
	objectVersion = 46;
	objects = {

/* Begin PBXBuildFile section */
		BA69BB921BEB0EB500DAB5CB /* hsfbData.plist in Resources */ = {isa = PBXBuildFile; fileRef = BA69BB911BEB0EB500DAB5CB /* hsfbData.plist */; };
		BA7FA3351BF594D500A40D4E /* Anduin_Wrynn.mp3 in Resources */ = {isa = PBXBuildFile; fileRef = BA7FA3341BF594D500A40D4E /* Anduin_Wrynn.mp3 */; };
		BA7FA3371BF5965C00A40D4E /* Uther_Lightbringer.mp3 in Resources */ = {isa = PBXBuildFile; fileRef = BA7FA3361BF5965C00A40D4E /* Uther_Lightbringer.mp3 */; };
		BA7FA3391BF5966700A40D4E /* Garrosh_Hellscream.mp3 in Resources */ = {isa = PBXBuildFile; fileRef = BA7FA3381BF5966700A40D4E /* Garrosh_Hellscream.mp3 */; };
		BA7FA33B1BF5967000A40D4E /* Guldan.mp3 in Resources */ = {isa = PBXBuildFile; fileRef = BA7FA33A1BF5967000A40D4E /* Guldan.mp3 */; };
		BA7FA33D1BF5967B00A40D4E /* Jaina_Proudmoore.mp3 in Resources */ = {isa = PBXBuildFile; fileRef = BA7FA33C1BF5967B00A40D4E /* Jaina_Proudmoore.mp3 */; };
		BA7FA33F1BF5968900A40D4E /* Malfurion_Stormrage.mp3 in Resources */ = {isa = PBXBuildFile; fileRef = BA7FA33E1BF5968900A40D4E /* Malfurion_Stormrage.mp3 */; };
		BA7FA3411BF5969600A40D4E /* Rexxar.mp3 in Resources */ = {isa = PBXBuildFile; fileRef = BA7FA3401BF5969600A40D4E /* Rexxar.mp3 */; };
		BA7FA3431BF596BB00A40D4E /* Thrall.mp3 in Resources */ = {isa = PBXBuildFile; fileRef = BA7FA3421BF596BB00A40D4E /* Thrall.mp3 */; };
		BA7FA3451BF596C500A40D4E /* Valeera_Sanguinar.mp3 in Resources */ = {isa = PBXBuildFile; fileRef = BA7FA3441BF596C500A40D4E /* Valeera_Sanguinar.mp3 */; };
		BAD13E671BF2DD8400BC8AA8 /* Salt_Page_Controller.swift in Sources */ = {isa = PBXBuildFile; fileRef = BAD13E661BF2DD8400BC8AA8 /* Salt_Page_Controller.swift */; };
		BAD13E691BF2DFB700BC8AA8 /* Sim_Picker_Page_Controller.swift in Sources */ = {isa = PBXBuildFile; fileRef = BAD13E681BF2DFB700BC8AA8 /* Sim_Picker_Page_Controller.swift */; };
		BAD13E6B1BF2E0C500BC8AA8 /* GPS_View_Controller.swift in Sources */ = {isa = PBXBuildFile; fileRef = BAD13E6A1BF2E0C500BC8AA8 /* GPS_View_Controller.swift */; };
		BAD13E6D1BF2E63500BC8AA8 /* Settings_Controller.swift in Sources */ = {isa = PBXBuildFile; fileRef = BAD13E6C1BF2E63500BC8AA8 /* Settings_Controller.swift */; };
		BAFD05C71BE057BA00799FBD /* AppDelegate.swift in Sources */ = {isa = PBXBuildFile; fileRef = BAFD05C61BE057BA00799FBD /* AppDelegate.swift */; };
		BAFD05C91BE057BA00799FBD /* ViewController.swift in Sources */ = {isa = PBXBuildFile; fileRef = BAFD05C81BE057BA00799FBD /* ViewController.swift */; };
		BAFD05CC1BE057BA00799FBD /* Main.storyboard in Resources */ = {isa = PBXBuildFile; fileRef = BAFD05CA1BE057BA00799FBD /* Main.storyboard */; };
		BAFD05CE1BE057BA00799FBD /* Assets.xcassets in Resources */ = {isa = PBXBuildFile; fileRef = BAFD05CD1BE057BA00799FBD /* Assets.xcassets */; };
/* End PBXBuildFile section */

/* Begin PBXFileReference section */
		BA69BB911BEB0EB500DAB5CB /* hsfbData.plist */ = {isa = PBXFileReference; fileEncoding = 4; lastKnownFileType = text.plist.xml; path = hsfbData.plist; sourceTree = "<group>"; };
		BA7FA3341BF594D500A40D4E /* Anduin_Wrynn.mp3 */ = {isa = PBXFileReference; lastKnownFileType = audio.mp3; name = Anduin_Wrynn.mp3; path = HSFlashBack/Anduin_Wrynn.mp3; sourceTree = "<group>"; };
		BA7FA3361BF5965C00A40D4E /* Uther_Lightbringer.mp3 */ = {isa = PBXFileReference; lastKnownFileType = audio.mp3; path = Uther_Lightbringer.mp3; sourceTree = "<group>"; };
		BA7FA3381BF5966700A40D4E /* Garrosh_Hellscream.mp3 */ = {isa = PBXFileReference; lastKnownFileType = audio.mp3; path = Garrosh_Hellscream.mp3; sourceTree = "<group>"; };
		BA7FA33A1BF5967000A40D4E /* Guldan.mp3 */ = {isa = PBXFileReference; lastKnownFileType = audio.mp3; path = Guldan.mp3; sourceTree = "<group>"; };
		BA7FA33C1BF5967B00A40D4E /* Jaina_Proudmoore.mp3 */ = {isa = PBXFileReference; lastKnownFileType = audio.mp3; path = Jaina_Proudmoore.mp3; sourceTree = "<group>"; };
		BA7FA33E1BF5968900A40D4E /* Malfurion_Stormrage.mp3 */ = {isa = PBXFileReference; lastKnownFileType = audio.mp3; path = Malfurion_Stormrage.mp3; sourceTree = "<group>"; };
		BA7FA3401BF5969600A40D4E /* Rexxar.mp3 */ = {isa = PBXFileReference; lastKnownFileType = audio.mp3; path = Rexxar.mp3; sourceTree = "<group>"; };
		BA7FA3421BF596BB00A40D4E /* Thrall.mp3 */ = {isa = PBXFileReference; lastKnownFileType = audio.mp3; path = Thrall.mp3; sourceTree = "<group>"; };
		BA7FA3441BF596C500A40D4E /* Valeera_Sanguinar.mp3 */ = {isa = PBXFileReference; lastKnownFileType = audio.mp3; path = Valeera_Sanguinar.mp3; sourceTree = "<group>"; };
		BAD13E661BF2DD8400BC8AA8 /* Salt_Page_Controller.swift */ = {isa = PBXFileReference; fileEncoding = 4; lastKnownFileType = sourcecode.swift; path = Salt_Page_Controller.swift; sourceTree = "<group>"; };
		BAD13E681BF2DFB700BC8AA8 /* Sim_Picker_Page_Controller.swift */ = {isa = PBXFileReference; fileEncoding = 4; lastKnownFileType = sourcecode.swift; path = Sim_Picker_Page_Controller.swift; sourceTree = "<group>"; };
		BAD13E6A1BF2E0C500BC8AA8 /* GPS_View_Controller.swift */ = {isa = PBXFileReference; fileEncoding = 4; lastKnownFileType = sourcecode.swift; path = GPS_View_Controller.swift; sourceTree = "<group>"; };
		BAD13E6C1BF2E63500BC8AA8 /* Settings_Controller.swift */ = {isa = PBXFileReference; fileEncoding = 4; lastKnownFileType = sourcecode.swift; path = Settings_Controller.swift; sourceTree = "<group>"; };
		BAFD05C31BE057BA00799FBD /* HSFlashBack.app */ = {isa = PBXFileReference; explicitFileType = wrapper.application; includeInIndex = 0; path = HSFlashBack.app; sourceTree = BUILT_PRODUCTS_DIR; };
		BAFD05C61BE057BA00799FBD /* AppDelegate.swift */ = {isa = PBXFileReference; lastKnownFileType = sourcecode.swift; path = AppDelegate.swift; sourceTree = "<group>"; };
		BAFD05C81BE057BA00799FBD /* ViewController.swift */ = {isa = PBXFileReference; lastKnownFileType = sourcecode.swift; path = ViewController.swift; sourceTree = "<group>"; };
		BAFD05CB1BE057BA00799FBD /* Base */ = {isa = PBXFileReference; lastKnownFileType = file.storyboard; name = Base; path = Base.lproj/Main.storyboard; sourceTree = "<group>"; };
		BAFD05CD1BE057BA00799FBD /* Assets.xcassets */ = {isa = PBXFileReference; lastKnownFileType = folder.assetcatalog; path = Assets.xcassets; sourceTree = "<group>"; };
		BAFD05D21BE057BA00799FBD /* Info.plist */ = {isa = PBXFileReference; lastKnownFileType = text.plist.xml; path = Info.plist; sourceTree = "<group>"; };
/* End PBXFileReference section */

/* Begin PBXFrameworksBuildPhase section */
		BAFD05C01BE057BA00799FBD /* Frameworks */ = {
			isa = PBXFrameworksBuildPhase;
			buildActionMask = 2147483647;
			files = (
			);
			runOnlyForDeploymentPostprocessing = 0;
		};
/* End PBXFrameworksBuildPhase section */

/* Begin PBXGroup section */
		BAFD05BA1BE057BA00799FBD = {
			isa = PBXGroup;
			children = (
				BA7FA3441BF596C500A40D4E /* Valeera_Sanguinar.mp3 */,
				BA7FA3421BF596BB00A40D4E /* Thrall.mp3 */,
				BA7FA3401BF5969600A40D4E /* Rexxar.mp3 */,
				BA7FA33E1BF5968900A40D4E /* Malfurion_Stormrage.mp3 */,
				BA7FA33C1BF5967B00A40D4E /* Jaina_Proudmoore.mp3 */,
				BA7FA33A1BF5967000A40D4E /* Guldan.mp3 */,
				BA7FA3381BF5966700A40D4E /* Garrosh_Hellscream.mp3 */,
				BA7FA3361BF5965C00A40D4E /* Uther_Lightbringer.mp3 */,
				BA7FA3341BF594D500A40D4E /* Anduin_Wrynn.mp3 */,
				BAFD05C51BE057BA00799FBD /* HSFlashBack */,
				BAFD05C41BE057BA00799FBD /* Products */,
			);
			sourceTree = "<group>";
		};
		BAFD05C41BE057BA00799FBD /* Products */ = {
			isa = PBXGroup;
			children = (
				BAFD05C31BE057BA00799FBD /* HSFlashBack.app */,
			);
			name = Products;
			sourceTree = "<group>";
		};
		BAFD05C51BE057BA00799FBD /* HSFlashBack */ = {
			isa = PBXGroup;
			children = (
				BAFD05C61BE057BA00799FBD /* AppDelegate.swift */,
				BAFD05C81BE057BA00799FBD /* ViewController.swift */,
				BAFD05CA1BE057BA00799FBD /* Main.storyboard */,
				BAFD05CD1BE057BA00799FBD /* Assets.xcassets */,
				BAFD05D21BE057BA00799FBD /* Info.plist */,
				BA69BB911BEB0EB500DAB5CB /* hsfbData.plist */,
				BAD13E661BF2DD8400BC8AA8 /* Salt_Page_Controller.swift */,
				BAD13E681BF2DFB700BC8AA8 /* Sim_Picker_Page_Controller.swift */,
				BAD13E6A1BF2E0C500BC8AA8 /* GPS_View_Controller.swift */,
				BAD13E6C1BF2E63500BC8AA8 /* Settings_Controller.swift */,
			);
			path = HSFlashBack;
			sourceTree = "<group>";
		};
/* End PBXGroup section */

/* Begin PBXNativeTarget section */
		BAFD05C21BE057BA00799FBD /* HSFlashBack */ = {
			isa = PBXNativeTarget;
			buildConfigurationList = BAFD05D51BE057BA00799FBD /* Build configuration list for PBXNativeTarget "HSFlashBack" */;
			buildPhases = (
				BAFD05BF1BE057BA00799FBD /* Sources */,
				BAFD05C01BE057BA00799FBD /* Frameworks */,
				BAFD05C11BE057BA00799FBD /* Resources */,
			);
			buildRules = (
			);
			dependencies = (
			);
			name = HSFlashBack;
			productName = HSFlashBack;
			productReference = BAFD05C31BE057BA00799FBD /* HSFlashBack.app */;
			productType = "com.apple.product-type.application";
		};
/* End PBXNativeTarget section */

/* Begin PBXProject section */
		BAFD05BB1BE057BA00799FBD /* Project object */ = {
			isa = PBXProject;
			attributes = {
				LastSwiftUpdateCheck = 0710;
				LastUpgradeCheck = 0710;
				ORGANIZATIONNAME = "Matthew King";
				TargetAttributes = {
					BAFD05C21BE057BA00799FBD = {
						CreatedOnToolsVersion = 7.1;
						DevelopmentTeam = QC8KQC7RZP;
					};
				};
			};
			buildConfigurationList = BAFD05BE1BE057BA00799FBD /* Build configuration list for PBXProject "HSFlashBack" */;
			compatibilityVersion = "Xcode 3.2";
			developmentRegion = English;
			hasScannedForEncodings = 0;
			knownRegions = (
				en,
				Base,
			);
			mainGroup = BAFD05BA1BE057BA00799FBD;
			productRefGroup = BAFD05C41BE057BA00799FBD /* Products */;
			projectDirPath = "";
			projectRoot = "";
			targets = (
				BAFD05C21BE057BA00799FBD /* HSFlashBack */,
			);
		};
/* End PBXProject section */

/* Begin PBXResourcesBuildPhase section */
		BAFD05C11BE057BA00799FBD /* Resources */ = {
			isa = PBXResourcesBuildPhase;
			buildActionMask = 2147483647;
			files = (
				BA7FA3351BF594D500A40D4E /* Anduin_Wrynn.mp3 in Resources */,
				BA7FA3391BF5966700A40D4E /* Garrosh_Hellscream.mp3 in Resources */,
				BA7FA33B1BF5967000A40D4E /* Guldan.mp3 in Resources */,
				BA7FA33D1BF5967B00A40D4E /* Jaina_Proudmoore.mp3 in Resources */,
				BA7FA33F1BF5968900A40D4E /* Malfurion_Stormrage.mp3 in Resources */,
				BA7FA3411BF5969600A40D4E /* Rexxar.mp3 in Resources */,
				BA7FA3431BF596BB00A40D4E /* Thrall.mp3 in Resources */,
				BA7FA3371BF5965C00A40D4E /* Uther_Lightbringer.mp3 in Resources */,
				BA7FA3451BF596C500A40D4E /* Valeera_Sanguinar.mp3 in Resources */,
				BA69BB921BEB0EB500DAB5CB /* hsfbData.plist in Resources */,
				BAFD05CE1BE057BA00799FBD /* Assets.xcassets in Resources */,
				BAFD05CC1BE057BA00799FBD /* Main.storyboard in Resources */,
			);
			runOnlyForDeploymentPostprocessing = 0;
		};
/* End PBXResourcesBuildPhase section */

/* Begin PBXSourcesBuildPhase section */
		BAFD05BF1BE057BA00799FBD /* Sources */ = {
			isa = PBXSourcesBuildPhase;
			buildActionMask = 2147483647;
			files = (
				BAD13E691BF2DFB700BC8AA8 /* Sim_Picker_Page_Controller.swift in Sources */,
				BAFD05C91BE057BA00799FBD /* ViewController.swift in Sources */,
				BAD13E6B1BF2E0C500BC8AA8 /* GPS_View_Controller.swift in Sources */,
				BAD13E671BF2DD8400BC8AA8 /* Salt_Page_Controller.swift in Sources */,
				BAD13E6D1BF2E63500BC8AA8 /* Settings_Controller.swift in Sources */,
				BAFD05C71BE057BA00799FBD /* AppDelegate.swift in Sources */,
			);
			runOnlyForDeploymentPostprocessing = 0;
		};
/* End PBXSourcesBuildPhase section */

/* Begin PBXVariantGroup section */
		BAFD05CA1BE057BA00799FBD /* Main.storyboard */ = {
			isa = PBXVariantGroup;
			children = (
				BAFD05CB1BE057BA00799FBD /* Base */,
			);
			name = Main.storyboard;
			sourceTree = "<group>";
		};
/* End PBXVariantGroup section */

/* Begin XCBuildConfiguration section */
		BAFD05D31BE057BA00799FBD /* Debug */ = {
			isa = XCBuildConfiguration;
			buildSettings = {
				ALWAYS_SEARCH_USER_PATHS = NO;
				CLANG_CXX_LANGUAGE_STANDARD = "gnu++0x";
				CLANG_CXX_LIBRARY = "libc++";
				CLANG_ENABLE_MODULES = YES;
				CLANG_ENABLE_OBJC_ARC = YES;
				CLANG_WARN_BOOL_CONVERSION = YES;
				CLANG_WARN_CONSTANT_CONVERSION = YES;
				CLANG_WARN_DIRECT_OBJC_ISA_USAGE = YES_ERROR;
				CLANG_WARN_EMPTY_BODY = YES;
				CLANG_WARN_ENUM_CONVERSION = YES;
				CLANG_WARN_INT_CONVERSION = YES;
				CLANG_WARN_OBJC_ROOT_CLASS = YES_ERROR;
				CLANG_WARN_UNREACHABLE_CODE = YES;
				CLANG_WARN__DUPLICATE_METHOD_MATCH = YES;
				"CODE_SIGN_IDENTITY[sdk=iphoneos*]" = "iPhone Developer";
				COPY_PHASE_STRIP = NO;
				DEBUG_INFORMATION_FORMAT = dwarf;
				ENABLE_STRICT_OBJC_MSGSEND = YES;
				ENABLE_TESTABILITY = YES;
				GCC_C_LANGUAGE_STANDARD = gnu99;
				GCC_DYNAMIC_NO_PIC = NO;
				GCC_NO_COMMON_BLOCKS = YES;
				GCC_OPTIMIZATION_LEVEL = 0;
				GCC_PREPROCESSOR_DEFINITIONS = (
					"DEBUG=1",
					"$(inherited)",
				);
				GCC_WARN_64_TO_32_BIT_CONVERSION = YES;
				GCC_WARN_ABOUT_RETURN_TYPE = YES_ERROR;
				GCC_WARN_UNDECLARED_SELECTOR = YES;
				GCC_WARN_UNINITIALIZED_AUTOS = YES_AGGRESSIVE;
				GCC_WARN_UNUSED_FUNCTION = YES;
				GCC_WARN_UNUSED_VARIABLE = YES;
				IPHONEOS_DEPLOYMENT_TARGET = 9.1;
				MTL_ENABLE_DEBUG_INFO = YES;
				ONLY_ACTIVE_ARCH = YES;
				SDKROOT = iphoneos;
				SWIFT_OPTIMIZATION_LEVEL = "-Onone";
				TARGETED_DEVICE_FAMILY = "1,2";
			};
			name = Debug;
		};
		BAFD05D41BE057BA00799FBD /* Release */ = {
			isa = XCBuildConfiguration;
			buildSettings = {
				ALWAYS_SEARCH_USER_PATHS = NO;
				CLANG_CXX_LANGUAGE_STANDARD = "gnu++0x";
				CLANG_CXX_LIBRARY = "libc++";
				CLANG_ENABLE_MODULES = YES;
				CLANG_ENABLE_OBJC_ARC = YES;
				CLANG_WARN_BOOL_CONVERSION = YES;
				CLANG_WARN_CONSTANT_CONVERSION = YES;
				CLANG_WARN_DIRECT_OBJC_ISA_USAGE = YES_ERROR;
				CLANG_WARN_EMPTY_BODY = YES;
				CLANG_WARN_ENUM_CONVERSION = YES;
				CLANG_WARN_INT_CONVERSION = YES;
				CLANG_WARN_OBJC_ROOT_CLASS = YES_ERROR;
				CLANG_WARN_UNREACHABLE_CODE = YES;
				CLANG_WARN__DUPLICATE_METHOD_MATCH = YES;
				"CODE_SIGN_IDENTITY[sdk=iphoneos*]" = "iPhone Developer";
				COPY_PHASE_STRIP = NO;
				DEBUG_INFORMATION_FORMAT = "dwarf-with-dsym";
				ENABLE_NS_ASSERTIONS = NO;
				ENABLE_STRICT_OBJC_MSGSEND = YES;
				GCC_C_LANGUAGE_STANDARD = gnu99;
				GCC_NO_COMMON_BLOCKS = YES;
				GCC_WARN_64_TO_32_BIT_CONVERSION = YES;
				GCC_WARN_ABOUT_RETURN_TYPE = YES_ERROR;
				GCC_WARN_UNDECLARED_SELECTOR = YES;
				GCC_WARN_UNINITIALIZED_AUTOS = YES_AGGRESSIVE;
				GCC_WARN_UNUSED_FUNCTION = YES;
				GCC_WARN_UNUSED_VARIABLE = YES;
				IPHONEOS_DEPLOYMENT_TARGET = 9.1;
				MTL_ENABLE_DEBUG_INFO = NO;
				SDKROOT = iphoneos;
				TARGETED_DEVICE_FAMILY = "1,2";
				VALIDATE_PRODUCT = YES;
			};
			name = Release;
		};
		BAFD05D61BE057BA00799FBD /* Debug */ = {
			isa = XCBuildConfiguration;
			buildSettings = {
				ASSETCATALOG_COMPILER_APPICON_NAME = AppIcon;
				CODE_SIGN_IDENTITY = "iPhone Developer";
				"CODE_SIGN_IDENTITY[sdk=iphoneos*]" = "iPhone Developer";
				INFOPLIST_FILE = HSFlashBack/Info.plist;
				LD_RUNPATH_SEARCH_PATHS = "$(inherited) @executable_path/Frameworks";
				PRODUCT_BUNDLE_IDENTIFIER = cs4720.virginia.edu.HSFlashBack;
				PRODUCT_NAME = "$(TARGET_NAME)";
				PROVISIONING_PROFILE = "";
			};
			name = Debug;
		};
		BAFD05D71BE057BA00799FBD /* Release */ = {
			isa = XCBuildConfiguration;
			buildSettings = {
				ASSETCATALOG_COMPILER_APPICON_NAME = AppIcon;
				CODE_SIGN_IDENTITY = "iPhone Developer";
				"CODE_SIGN_IDENTITY[sdk=iphoneos*]" = "iPhone Developer";
				INFOPLIST_FILE = HSFlashBack/Info.plist;
				LD_RUNPATH_SEARCH_PATHS = "$(inherited) @executable_path/Frameworks";
				PRODUCT_BUNDLE_IDENTIFIER = cs4720.virginia.edu.HSFlashBack;
				PRODUCT_NAME = "$(TARGET_NAME)";
				PROVISIONING_PROFILE = "";
			};
			name = Release;
		};
/* End XCBuildConfiguration section */

/* Begin XCConfigurationList section */
		BAFD05BE1BE057BA00799FBD /* Build configuration list for PBXProject "HSFlashBack" */ = {
			isa = XCConfigurationList;
			buildConfigurations = (
				BAFD05D31BE057BA00799FBD /* Debug */,
				BAFD05D41BE057BA00799FBD /* Release */,
			);
			defaultConfigurationIsVisible = 0;
			defaultConfigurationName = Release;
		};
		BAFD05D51BE057BA00799FBD /* Build configuration list for PBXNativeTarget "HSFlashBack" */ = {
			isa = XCConfigurationList;
			buildConfigurations = (
				BAFD05D61BE057BA00799FBD /* Debug */,
				BAFD05D71BE057BA00799FBD /* Release */,
			);
			defaultConfigurationIsVisible = 0;
			defaultConfigurationName = Release;
		};
/* End XCConfigurationList section */
	};
	rootObject = BAFD05BB1BE057BA00799FBD /* Project object */;
}
